
Microsoft Visual Studio Solution File, Format Version 12.00
# Visual Studio Version 17
VisualStudioVersion = 17.0.32014.148
MinimumVisualStudioVersion = 10.0.40219.1
Project("{FAE04EC0-301F-11D3-BF4B-00C04F79EFBC}") = "UnnaturalPoseDetector", "UnnaturalPoseDetector.csproj", "{7BBEF1FD-2A02-483E-B30B-A3B8B59524EA}"
EndProject
Global
	GlobalSection(SolutionConfigurationPlatforms) = preSolution
		Debug|Any CPU = Debug|Any CPU
		Release|Any CPU = Release|Any CPU
	EndGlobalSection
	GlobalSection(ProjectConfigurationPlatforms) = postSolution
		{7BBEF1FD-2A02-483E-B30B-A3B8B59524EA}.Debug|Any CPU.ActiveCfg = Debug|Any CPU
		{7BBEF1FD-2A02-483E-B30B-A3B8B59524EA}.Debug|Any CPU.Build.0 = Debug|Any CPU
		{7BBEF1FD-2A02-483E-B30B-A3B8B59524EA}.Release|Any CPU.ActiveCfg = Release|Any CPU
		{7BBEF1FD-2A02-483E-B30B-A3B8B59524EA}.Release|Any CPU.Build.0 = Release|Any CPU
	EndGlobalSection
	GlobalSection(SolutionProperties) = preSolution
		HideSolutionNode = FALSE
	EndGlobalSection
	GlobalSection(ExtensibilityGlobals) = postSolution
		SolutionGuid = {229B3E70-70FF-4957-8AE7-5A94368E5A3B}
	EndGlobalSection
EndGlobal
